
Microsoft Visual Studio Solution File, Format Version 12.00
# Visual Studio 15
VisualStudioVersion = 15.0.28010.2019
MinimumVisualStudioVersion = 10.0.40219.1
Project("{8BC9CEB8-8B4A-11D0-8D11-00A0C91BC942}") = "consoleGame1", "consoleGame1\consoleGame1.vcxproj", "{2596A4AA-6E69-47F9-A0D6-D36563F57E9E}"
EndProject
Global
	GlobalSection(SolutionConfigurationPlatforms) = preSolution
		Debug|x64 = Debug|x64
		Debug|x86 = Debug|x86
		Release|x64 = Release|x64
		Release|x86 = Release|x86
	EndGlobalSection
	GlobalSection(ProjectConfigurationPlatforms) = postSolution
		{2596A4AA-6E69-47F9-A0D6-D36563F57E9E}.Debug|x64.ActiveCfg = Debug|x64
		{2596A4AA-6E69-47F9-A0D6-D36563F57E9E}.Debug|x64.Build.0 = Debug|x64
		{2596A4AA-6E69-47F9-A0D6-D36563F57E9E}.Debug|x86.ActiveCfg = Debug|Win32
		{2596A4AA-6E69-47F9-A0D6-D36563F57E9E}.Debug|x86.Build.0 = Debug|Win32
		{2596A4AA-6E69-47F9-A0D6-D36563F57E9E}.Release|x64.ActiveCfg = Release|x64
		{2596A4AA-6E69-47F9-A0D6-D36563F57E9E}.Release|x64.Build.0 = Release|x64
		{2596A4AA-6E69-47F9-A0D6-D36563F57E9E}.Release|x86.ActiveCfg = Release|Win32
		{2596A4AA-6E69-47F9-A0D6-D36563F57E9E}.Release|x86.Build.0 = Release|Win32
	EndGlobalSection
	GlobalSection(SolutionProperties) = preSolution
		HideSolutionNode = FALSE
	EndGlobalSection
	GlobalSection(ExtensibilityGlobals) = postSolution
		SolutionGuid = {739486B8-BF26-4579-B5E2-74212FD03F06}
	EndGlobalSection
EndGlobal
